{
  "name": "picoweb",
  "version": "0.0.1",
  "lockfileVersion": 1,
  "requires": true,
  "dependencies": {
    "@picoweb/core": {
      "version": "file:../core"
    },
    "@picoweb/state": {
      "version": "file:../state",
      "requires": {
        "@picoweb/pubsub": "file:../pubsub"
      },
      "dependencies": {
        "@picoweb/pubsub": {
          "version": "file:../pubsub"
        }
      }
    }
  }
}
