{
  "name": "@picoweb/websocket",
  "version": "0.0.2",
  "lockfileVersion": 3,
  "requires": true,
  "packages": {
    "": {
      "name": "@picoweb/websocket",
      "version": "0.0.2",
      "license": "MIT",
      "dependencies": {
        "@picoweb/pubsub": "^0.0.3"
      }
    },
    "../pubsub": {
      "name": "@picoweb/pubsub",
      "version": "0.0.2",
      "extraneous": true,
      "license": "MIT"
    },
    "node_modules/@picoweb/pubsub": {
      "version": "0.0.3",
      "resolved": "https://registry.npmjs.org/@picoweb/pubsub/-/pubsub-0.0.3.tgz",
      "integrity": "sha512-B2pqPwEl8N0uUKoXL0Fq6l7HtYlkK6IkltQWNde6cMc/Jp/lh4iz1wZ/7jPDzIY9MqLlirrPsrO1YK+of7n+kA=="
    }
  }
}
