{
  "name": "@picoweb/state",
  "version": "0.0.1",
  "lockfileVersion": 2,
  "requires": true,
  "packages": {
    "": {
      "name": "@picoweb/state",
      "version": "0.0.1",
      "license": "MIT",
      "dependencies": {
        "@picoweb/pubsub": "file:../pubsub"
      }
    },
    "../pubsub": {
      "version": "0.0.1",
      "license": "MIT"
    },
    "node_modules/@picoweb/pubsub": {
      "resolved": "../pubsub",
      "link": true
    }
  },
  "dependencies": {
    "@picoweb/pubsub": {
      "version": "file:../pubsub"
    }
  }
}
